
Microsoft Visual Studio Solution File, Format Version 12.00
# Visual Studio 15
VisualStudioVersion = 15.0.28010.2048
MinimumVisualStudioVersion = 10.0.40219.1
Project("{FAE04EC0-301F-11D3-BF4B-00C04F79EFBC}") = "angularWebAPI", "angularWebAPI\angularWebAPI.csproj", "{F5839528-CA54-430A-ACA3-E456F5FCDAC2}"
EndProject
Global
	GlobalSection(SolutionConfigurationPlatforms) = preSolution
		Debug|Any CPU = Debug|Any CPU
		Release|Any CPU = Release|Any CPU
	EndGlobalSection
	GlobalSection(ProjectConfigurationPlatforms) = postSolution
		{F5839528-CA54-430A-ACA3-E456F5FCDAC2}.Debug|Any CPU.ActiveCfg = Debug|Any CPU
		{F5839528-CA54-430A-ACA3-E456F5FCDAC2}.Debug|Any CPU.Build.0 = Debug|Any CPU
		{F5839528-CA54-430A-ACA3-E456F5FCDAC2}.Release|Any CPU.ActiveCfg = Release|Any CPU
		{F5839528-CA54-430A-ACA3-E456F5FCDAC2}.Release|Any CPU.Build.0 = Release|Any CPU
	EndGlobalSection
	GlobalSection(SolutionProperties) = preSolution
		HideSolutionNode = FALSE
	EndGlobalSection
	GlobalSection(ExtensibilityGlobals) = postSolution
		SolutionGuid = {44FE21A7-A32A-482C-BA28-42C0D8BB690E}
	EndGlobalSection
EndGlobal
